
Microsoft Visual Studio Solution File, Format Version 12.00
# Visual Studio Version 17
VisualStudioVersion = 17.9.34902.65
MinimumVisualStudioVersion = 10.0.40219.1
Project("{9A19103F-16F7-4668-BE54-9A1E7A4F7556}") = "CDFontCreator", "CDFontCreator\CDFontCreator.csproj", "{12FF46C0-640F-43C9-9C27-861086E04C7B}"
EndProject
Global
	GlobalSection(SolutionConfigurationPlatforms) = preSolution
		Debug|Any CPU = Debug|Any CPU
		Debug|x64 = Debug|x64
		Debug|x86 = Debug|x86
		Release|Any CPU = Release|Any CPU
		Release|x64 = Release|x64
		Release|x86 = Release|x86
	EndGlobalSection
	GlobalSection(ProjectConfigurationPlatforms) = postSolution
		{12FF46C0-640F-43C9-9C27-861086E04C7B}.Debug|Any CPU.ActiveCfg = Debug|Any CPU
		{12FF46C0-640F-43C9-9C27-861086E04C7B}.Debug|Any CPU.Build.0 = Debug|Any CPU
		{12FF46C0-640F-43C9-9C27-861086E04C7B}.Debug|x64.ActiveCfg = Debug|x64
		{12FF46C0-640F-43C9-9C27-861086E04C7B}.Debug|x64.Build.0 = Debug|x64
		{12FF46C0-640F-43C9-9C27-861086E04C7B}.Debug|x86.ActiveCfg = Debug|x86
		{12FF46C0-640F-43C9-9C27-861086E04C7B}.Debug|x86.Build.0 = Debug|x86
		{12FF46C0-640F-43C9-9C27-861086E04C7B}.Release|Any CPU.ActiveCfg = Release|Any CPU
		{12FF46C0-640F-43C9-9C27-861086E04C7B}.Release|Any CPU.Build.0 = Release|Any CPU
		{12FF46C0-640F-43C9-9C27-861086E04C7B}.Release|x64.ActiveCfg = Release|x64
		{12FF46C0-640F-43C9-9C27-861086E04C7B}.Release|x64.Build.0 = Release|x64
		{12FF46C0-640F-43C9-9C27-861086E04C7B}.Release|x86.ActiveCfg = Release|x86
		{12FF46C0-640F-43C9-9C27-861086E04C7B}.Release|x86.Build.0 = Release|x86
	EndGlobalSection
	GlobalSection(SolutionProperties) = preSolution
		HideSolutionNode = FALSE
	EndGlobalSection
	GlobalSection(ExtensibilityGlobals) = postSolution
		SolutionGuid = {2D8C5540-6D90-4225-A0D2-082F13821A6B}
	EndGlobalSection
EndGlobal
